
Microsoft Visual Studio Solution File, Format Version 12.00
# Visual Studio 15
VisualStudioVersion = 15.0.28307.438
MinimumVisualStudioVersion = 10.0.40219.1
Project("{FAE04EC0-301F-11D3-BF4B-00C04F79EFBC}") = "ClassWork3", "ClassWork3\ClassWork3.csproj", "{8265ECC7-0B70-48A7-8681-978A9731337F}"
EndProject
Global
	GlobalSection(SolutionConfigurationPlatforms) = preSolution
		Debug|Any CPU = Debug|Any CPU
		Release|Any CPU = Release|Any CPU
	EndGlobalSection
	GlobalSection(ProjectConfigurationPlatforms) = postSolution
		{8265ECC7-0B70-48A7-8681-978A9731337F}.Debug|Any CPU.ActiveCfg = Debug|Any CPU
		{8265ECC7-0B70-48A7-8681-978A9731337F}.Debug|Any CPU.Build.0 = Debug|Any CPU
		{8265ECC7-0B70-48A7-8681-978A9731337F}.Release|Any CPU.ActiveCfg = Release|Any CPU
		{8265ECC7-0B70-48A7-8681-978A9731337F}.Release|Any CPU.Build.0 = Release|Any CPU
	EndGlobalSection
	GlobalSection(SolutionProperties) = preSolution
		HideSolutionNode = FALSE
	EndGlobalSection
	GlobalSection(ExtensibilityGlobals) = postSolution
		SolutionGuid = {04E1BDCC-DBE1-4502-B8E2-553284FF6AC8}
	EndGlobalSection
EndGlobal
